
Microsoft Visual Studio Solution File, Format Version 12.00
# Visual Studio 15
VisualStudioVersion = 15.0.28307.329
MinimumVisualStudioVersion = 10.0.40219.1
Project("{9A19103F-16F7-4668-BE54-9A1E7A4F7556}") = "GenericRepository", "GenericRepository.csproj", "{C8D235BA-88BE-439E-A95B-DACFF58137FF}"
EndProject
Global
	GlobalSection(SolutionConfigurationPlatforms) = preSolution
		Debug|Any CPU = Debug|Any CPU
		Release|Any CPU = Release|Any CPU
	EndGlobalSection
	GlobalSection(ProjectConfigurationPlatforms) = postSolution
		{C8D235BA-88BE-439E-A95B-DACFF58137FF}.Debug|Any CPU.ActiveCfg = Debug|Any CPU
		{C8D235BA-88BE-439E-A95B-DACFF58137FF}.Debug|Any CPU.Build.0 = Debug|Any CPU
		{C8D235BA-88BE-439E-A95B-DACFF58137FF}.Release|Any CPU.ActiveCfg = Release|Any CPU
		{C8D235BA-88BE-439E-A95B-DACFF58137FF}.Release|Any CPU.Build.0 = Release|Any CPU
	EndGlobalSection
	GlobalSection(SolutionProperties) = preSolution
		HideSolutionNode = FALSE
	EndGlobalSection
	GlobalSection(ExtensibilityGlobals) = postSolution
		SolutionGuid = {8F502AB7-75F4-43CC-BF59-BE7B1C18426B}
	EndGlobalSection
EndGlobal
